{
  "requires": true,
  "lockfileVersion": 1,
  "dependencies": {
    "copy-to": {
      "version": "2.0.1",
      "resolved": "https://registry.npmjs.org/copy-to/-/copy-to-2.0.1.tgz",
      "integrity": "sha1-JoD7uAaKSNCGVrYJgJK9r8kG9KU="
    },
    "escape-html": {
      "version": "1.0.3",
      "resolved": "https://registry.npmjs.org/escape-html/-/escape-html-1.0.3.tgz",
      "integrity": "sha1-Aljq5NPQwJdN4cFpGI7wBR0dGYg="
    },
    "geneticalgorithm": {
      "version": "0.3.4",
      "resolved": "https://registry.npmjs.org/geneticalgorithm/-/geneticalgorithm-0.3.4.tgz",
      "integrity": "sha1-oVdal8Gwcy7yYW53k8bfU1bzA4E="
    },
    "utility": {
      "version": "1.12.0",
      "resolved": "https://registry.npmjs.org/utility/-/utility-1.12.0.tgz",
      "integrity": "sha1-vWkweGOjiE7liCElEhW5hy+4QFg=",
      "requires": {
        "copy-to": "2.0.1",
        "escape-html": "1.0.3"
      }
    }
  }
}
